
Microsoft Visual Studio Solution File, Format Version 12.00
# Visual Studio Version 16
VisualStudioVersion = 16.0.28922.388
MinimumVisualStudioVersion = 10.0.40219.1
Project("{FAE04EC0-301F-11D3-BF4B-00C04F79EFBC}") = "01.EncryptSortAndPrintArray", "01.EncryptSortAndPrintArray\01.EncryptSortAndPrintArray.csproj", "{7E5DEDBF-D8C2-4E38-B695-0D3FA98B0A1D}"
EndProject
Project("{FAE04EC0-301F-11D3-BF4B-00C04F79EFBC}") = "02.PascalTriangle", "02.PascalTriangle\02.PascalTriangle.csproj", "{3596B377-FD35-414A-8C3D-2660ECF69591}"
EndProject
Global
	GlobalSection(SolutionConfigurationPlatforms) = preSolution
		Debug|Any CPU = Debug|Any CPU
		Release|Any CPU = Release|Any CPU
	EndGlobalSection
	GlobalSection(ProjectConfigurationPlatforms) = postSolution
		{7E5DEDBF-D8C2-4E38-B695-0D3FA98B0A1D}.Debug|Any CPU.ActiveCfg = Debug|Any CPU
		{7E5DEDBF-D8C2-4E38-B695-0D3FA98B0A1D}.Debug|Any CPU.Build.0 = Debug|Any CPU
		{7E5DEDBF-D8C2-4E38-B695-0D3FA98B0A1D}.Release|Any CPU.ActiveCfg = Release|Any CPU
		{7E5DEDBF-D8C2-4E38-B695-0D3FA98B0A1D}.Release|Any CPU.Build.0 = Release|Any CPU
		{3596B377-FD35-414A-8C3D-2660ECF69591}.Debug|Any CPU.ActiveCfg = Debug|Any CPU
		{3596B377-FD35-414A-8C3D-2660ECF69591}.Debug|Any CPU.Build.0 = Debug|Any CPU
		{3596B377-FD35-414A-8C3D-2660ECF69591}.Release|Any CPU.ActiveCfg = Release|Any CPU
		{3596B377-FD35-414A-8C3D-2660ECF69591}.Release|Any CPU.Build.0 = Release|Any CPU
	EndGlobalSection
	GlobalSection(SolutionProperties) = preSolution
		HideSolutionNode = FALSE
	EndGlobalSection
	GlobalSection(ExtensibilityGlobals) = postSolution
		SolutionGuid = {67265C84-15D6-4DE6-95E9-4A1EF11A7599}
	EndGlobalSection
EndGlobal
