
Microsoft Visual Studio Solution File, Format Version 12.00
# Visual Studio Version 16
VisualStudioVersion = 16.0.29009.5
MinimumVisualStudioVersion = 10.0.40219.1
Project("{FAE04EC0-301F-11D3-BF4B-00C04F79EFBC}") = "PartyProfit", "PartyProfit\PartyProfit.csproj", "{FDC91C35-8455-4E5C-A9FD-38A4D0B77404}"
EndProject
Project("{FAE04EC0-301F-11D3-BF4B-00C04F79EFBC}") = "EasterGifts", "EasterGifts\EasterGifts.csproj", "{DD25F821-C0B6-4A11-8D11-E71A0DA20DE3}"
EndProject
Project("{FAE04EC0-301F-11D3-BF4B-00C04F79EFBC}") = "LastStop", "LastStop\LastStop.csproj", "{98313B83-A93F-4274-A578-648953188332}"
EndProject
Global
	GlobalSection(SolutionConfigurationPlatforms) = preSolution
		Debug|Any CPU = Debug|Any CPU
		Release|Any CPU = Release|Any CPU
	EndGlobalSection
	GlobalSection(ProjectConfigurationPlatforms) = postSolution
		{FDC91C35-8455-4E5C-A9FD-38A4D0B77404}.Debug|Any CPU.ActiveCfg = Debug|Any CPU
		{FDC91C35-8455-4E5C-A9FD-38A4D0B77404}.Debug|Any CPU.Build.0 = Debug|Any CPU
		{FDC91C35-8455-4E5C-A9FD-38A4D0B77404}.Release|Any CPU.ActiveCfg = Release|Any CPU
		{FDC91C35-8455-4E5C-A9FD-38A4D0B77404}.Release|Any CPU.Build.0 = Release|Any CPU
		{DD25F821-C0B6-4A11-8D11-E71A0DA20DE3}.Debug|Any CPU.ActiveCfg = Debug|Any CPU
		{DD25F821-C0B6-4A11-8D11-E71A0DA20DE3}.Debug|Any CPU.Build.0 = Debug|Any CPU
		{DD25F821-C0B6-4A11-8D11-E71A0DA20DE3}.Release|Any CPU.ActiveCfg = Release|Any CPU
		{DD25F821-C0B6-4A11-8D11-E71A0DA20DE3}.Release|Any CPU.Build.0 = Release|Any CPU
		{98313B83-A93F-4274-A578-648953188332}.Debug|Any CPU.ActiveCfg = Debug|Any CPU
		{98313B83-A93F-4274-A578-648953188332}.Debug|Any CPU.Build.0 = Debug|Any CPU
		{98313B83-A93F-4274-A578-648953188332}.Release|Any CPU.ActiveCfg = Release|Any CPU
		{98313B83-A93F-4274-A578-648953188332}.Release|Any CPU.Build.0 = Release|Any CPU
	EndGlobalSection
	GlobalSection(SolutionProperties) = preSolution
		HideSolutionNode = FALSE
	EndGlobalSection
	GlobalSection(ExtensibilityGlobals) = postSolution
		SolutionGuid = {AB48D0F0-D31D-4EFD-952E-6E399B73071B}
	EndGlobalSection
EndGlobal
