
Microsoft Visual Studio Solution File, Format Version 12.00
# Visual Studio 15
VisualStudioVersion = 15.0.28307.489
MinimumVisualStudioVersion = 10.0.40219.1
Project("{9A19103F-16F7-4668-BE54-9A1E7A4F7556}") = "Matrix", "Matrix\Matrix.csproj", "{23928BC3-EEDB-426F-91AD-955AB0600593}"
EndProject
Project("{9A19103F-16F7-4668-BE54-9A1E7A4F7556}") = "NumberPyramid", "NumberPyramid\NumberPyramid.csproj", "{CA3CBAE9-44C3-457D-8BBF-CE408A1B68AB}"
EndProject
Project("{FAE04EC0-301F-11D3-BF4B-00C04F79EFBC}") = "EqualSumsEvenOddPosition", "EqualSumsEvenOddPosition\EqualSumsEvenOddPosition.csproj", "{9A6911AF-54E3-4E0C-9C9A-A6F756926240}"
EndProject
Project("{FAE04EC0-301F-11D3-BF4B-00C04F79EFBC}") = "Coding", "Coding\Coding.csproj", "{273D0150-D9EE-432B-AA7C-D11FC02F7F6C}"
EndProject
Global
	GlobalSection(SolutionConfigurationPlatforms) = preSolution
		Debug|Any CPU = Debug|Any CPU
		Release|Any CPU = Release|Any CPU
	EndGlobalSection
	GlobalSection(ProjectConfigurationPlatforms) = postSolution
		{23928BC3-EEDB-426F-91AD-955AB0600593}.Debug|Any CPU.ActiveCfg = Debug|Any CPU
		{23928BC3-EEDB-426F-91AD-955AB0600593}.Debug|Any CPU.Build.0 = Debug|Any CPU
		{23928BC3-EEDB-426F-91AD-955AB0600593}.Release|Any CPU.ActiveCfg = Release|Any CPU
		{23928BC3-EEDB-426F-91AD-955AB0600593}.Release|Any CPU.Build.0 = Release|Any CPU
		{CA3CBAE9-44C3-457D-8BBF-CE408A1B68AB}.Debug|Any CPU.ActiveCfg = Debug|Any CPU
		{CA3CBAE9-44C3-457D-8BBF-CE408A1B68AB}.Debug|Any CPU.Build.0 = Debug|Any CPU
		{CA3CBAE9-44C3-457D-8BBF-CE408A1B68AB}.Release|Any CPU.ActiveCfg = Release|Any CPU
		{CA3CBAE9-44C3-457D-8BBF-CE408A1B68AB}.Release|Any CPU.Build.0 = Release|Any CPU
		{9A6911AF-54E3-4E0C-9C9A-A6F756926240}.Debug|Any CPU.ActiveCfg = Debug|Any CPU
		{9A6911AF-54E3-4E0C-9C9A-A6F756926240}.Debug|Any CPU.Build.0 = Debug|Any CPU
		{9A6911AF-54E3-4E0C-9C9A-A6F756926240}.Release|Any CPU.ActiveCfg = Release|Any CPU
		{9A6911AF-54E3-4E0C-9C9A-A6F756926240}.Release|Any CPU.Build.0 = Release|Any CPU
		{273D0150-D9EE-432B-AA7C-D11FC02F7F6C}.Debug|Any CPU.ActiveCfg = Debug|Any CPU
		{273D0150-D9EE-432B-AA7C-D11FC02F7F6C}.Debug|Any CPU.Build.0 = Debug|Any CPU
		{273D0150-D9EE-432B-AA7C-D11FC02F7F6C}.Release|Any CPU.ActiveCfg = Release|Any CPU
		{273D0150-D9EE-432B-AA7C-D11FC02F7F6C}.Release|Any CPU.Build.0 = Release|Any CPU
	EndGlobalSection
	GlobalSection(SolutionProperties) = preSolution
		HideSolutionNode = FALSE
	EndGlobalSection
	GlobalSection(ExtensibilityGlobals) = postSolution
		SolutionGuid = {36C9BF5C-8473-4A18-89CF-833B66089274}
	EndGlobalSection
EndGlobal
