
Microsoft Visual Studio Solution File, Format Version 12.00
# Visual Studio 15
VisualStudioVersion = 15.0.28307.489
MinimumVisualStudioVersion = 10.0.40219.1
Project("{FAE04EC0-301F-11D3-BF4B-00C04F79EFBC}") = "Volleyball", "Volleyball\Volleyball.csproj", "{06BE4118-4DC3-43FC-9CE3-507574C7D6D2}"
EndProject
Project("{FAE04EC0-301F-11D3-BF4B-00C04F79EFBC}") = "OnTimeForTheExam", "OnTimeForTheExam\OnTimeForTheExam.csproj", "{08B97149-62EA-4D3F-93A1-8C9C86224B2A}"
EndProject
Global
	GlobalSection(SolutionConfigurationPlatforms) = preSolution
		Debug|Any CPU = Debug|Any CPU
		Release|Any CPU = Release|Any CPU
	EndGlobalSection
	GlobalSection(ProjectConfigurationPlatforms) = postSolution
		{06BE4118-4DC3-43FC-9CE3-507574C7D6D2}.Debug|Any CPU.ActiveCfg = Debug|Any CPU
		{06BE4118-4DC3-43FC-9CE3-507574C7D6D2}.Debug|Any CPU.Build.0 = Debug|Any CPU
		{06BE4118-4DC3-43FC-9CE3-507574C7D6D2}.Release|Any CPU.ActiveCfg = Release|Any CPU
		{06BE4118-4DC3-43FC-9CE3-507574C7D6D2}.Release|Any CPU.Build.0 = Release|Any CPU
		{08B97149-62EA-4D3F-93A1-8C9C86224B2A}.Debug|Any CPU.ActiveCfg = Debug|Any CPU
		{08B97149-62EA-4D3F-93A1-8C9C86224B2A}.Debug|Any CPU.Build.0 = Debug|Any CPU
		{08B97149-62EA-4D3F-93A1-8C9C86224B2A}.Release|Any CPU.ActiveCfg = Release|Any CPU
		{08B97149-62EA-4D3F-93A1-8C9C86224B2A}.Release|Any CPU.Build.0 = Release|Any CPU
	EndGlobalSection
	GlobalSection(SolutionProperties) = preSolution
		HideSolutionNode = FALSE
	EndGlobalSection
	GlobalSection(ExtensibilityGlobals) = postSolution
		SolutionGuid = {1C2EB6B6-677A-4B6E-9B91-DEB1ED019B80}
	EndGlobalSection
EndGlobal
